
Microsoft Visual Studio Solution File, Format Version 10.00
# Visual Studio 2008
Project("{FAE04EC0-301F-11D3-BF4B-00C04F79EFBC}") = "RemObjects.Mono.Helpers", "RemObjects.Mono.Helpers.csproj", "{F82AF0AA-85F9-478F-A0F4-81302DC73781}"
EndProject
Global
	GlobalSection(SolutionConfigurationPlatforms) = preSolution
		Debug|Any CPU = Debug|Any CPU
		Release|Any CPU = Release|Any CPU
	EndGlobalSection
	GlobalSection(ProjectConfigurationPlatforms) = postSolution
		{F82AF0AA-85F9-478F-A0F4-81302DC73781}.Debug|Any CPU.ActiveCfg = Debug|Any CPU
		{F82AF0AA-85F9-478F-A0F4-81302DC73781}.Debug|Any CPU.Build.0 = Debug|Any CPU
		{F82AF0AA-85F9-478F-A0F4-81302DC73781}.Release|Any CPU.ActiveCfg = Release|Any CPU
		{F82AF0AA-85F9-478F-A0F4-81302DC73781}.Release|Any CPU.Build.0 = Release|Any CPU
	EndGlobalSection
	GlobalSection(SolutionProperties) = preSolution
		HideSolutionNode = FALSE
	EndGlobalSection
EndGlobal
