
Microsoft Visual Studio Solution File, Format Version 12.00
# RemObjects Fire
Project("{656346D9-4656-40DA-A068-22D5425D4639}") = "RemObjects.Mono.Helpers", "RemObjects.Mono.Helpers.csproj", "{F82AF0AA-85F9-478F-A0F4-81302DC73781}"
EndProject
Project("{656346D9-4656-40DA-A068-22D5425D4639}") = "RemObjects.Mono.Helpers", "RemObjects.Mono.Helpers.elements", "{6B3E3670-1FED-4329-ABB3-518BF19AA4AA}"
EndProject
Global
	GlobalSection(SolutionConfigurationPlatforms) = preSolution
		Debug|AnyCPU = Debug|AnyCPU
		Release|AnyCPU = Release|AnyCPU
	EndGlobalSection
	GlobalSection(ProjectConfigurationPlatforms) = postSolution
		{F82AF0AA-85F9-478F-A0F4-81302DC73781}.Debug|AnyCPU.ActiveCfg = Debug|AnyCPU
		{F82AF0AA-85F9-478F-A0F4-81302DC73781}.Debug|AnyCPU.Build.0 = Debug|AnyCPU
		{F82AF0AA-85F9-478F-A0F4-81302DC73781}.Release|AnyCPU.ActiveCfg = Release|AnyCPU
		{F82AF0AA-85F9-478F-A0F4-81302DC73781}.Release|AnyCPU.Build.0 = Release|AnyCPU
		{6B3E3670-1FED-4329-ABB3-518BF19AA4AA}.Debug|AnyCPU.ActiveCfg = Debug|AnyCPU
		{6B3E3670-1FED-4329-ABB3-518BF19AA4AA}.Debug|AnyCPU.Build.0 = Debug|AnyCPU
		{6B3E3670-1FED-4329-ABB3-518BF19AA4AA}.Release|AnyCPU.ActiveCfg = Release|AnyCPU
		{6B3E3670-1FED-4329-ABB3-518BF19AA4AA}.Release|AnyCPU.Build.0 = Release|AnyCPU
	EndGlobalSection
	GlobalSection(SolutionProperties) = preSolution
		HideSolutionNode = FALSE
	EndGlobalSection
EndGlobal